
Microsoft Visual Studio Solution File, Format Version 12.00
# Visual Studio Version 17
VisualStudioVersion = 17.4.33403.182
MinimumVisualStudioVersion = 10.0.40219.1
Project("{9A19103F-16F7-4668-BE54-9A1E7A4F7556}") = "ReportTitulList", "ReportTitulList\ReportTitulList.csproj", "{D32B4A27-C61C-4ED1-9413-359561E945D2}"
EndProject
Project("{9A19103F-16F7-4668-BE54-9A1E7A4F7556}") = "AutoCompleteConsole", "..\AutoCompleteConsole\AutoCompleteConsole\AutoCompleteConsole.csproj", "{7919FC3E-8B4C-4BB2-869D-AFE186E468A2}"
EndProject
Global
	GlobalSection(SolutionConfigurationPlatforms) = preSolution
		Debug|Any CPU = Debug|Any CPU
		Release|Any CPU = Release|Any CPU
	EndGlobalSection
	GlobalSection(ProjectConfigurationPlatforms) = postSolution
		{D32B4A27-C61C-4ED1-9413-359561E945D2}.Debug|Any CPU.ActiveCfg = Debug|Any CPU
		{D32B4A27-C61C-4ED1-9413-359561E945D2}.Debug|Any CPU.Build.0 = Debug|Any CPU
		{D32B4A27-C61C-4ED1-9413-359561E945D2}.Release|Any CPU.ActiveCfg = Release|Any CPU
		{D32B4A27-C61C-4ED1-9413-359561E945D2}.Release|Any CPU.Build.0 = Release|Any CPU
		{7919FC3E-8B4C-4BB2-869D-AFE186E468A2}.Debug|Any CPU.ActiveCfg = Debug|Any CPU
		{7919FC3E-8B4C-4BB2-869D-AFE186E468A2}.Debug|Any CPU.Build.0 = Debug|Any CPU
		{7919FC3E-8B4C-4BB2-869D-AFE186E468A2}.Release|Any CPU.ActiveCfg = Release|Any CPU
		{7919FC3E-8B4C-4BB2-869D-AFE186E468A2}.Release|Any CPU.Build.0 = Release|Any CPU
	EndGlobalSection
	GlobalSection(SolutionProperties) = preSolution
		HideSolutionNode = FALSE
	EndGlobalSection
	GlobalSection(ExtensibilityGlobals) = postSolution
		SolutionGuid = {106BA6B4-B3B8-49B4-9453-221FFFFF1F89}
	EndGlobalSection
EndGlobal
